
Microsoft Visual Studio Solution File, Format Version 12.00
# Visual Studio Version 17
VisualStudioVersion = 17.7.34024.191
MinimumVisualStudioVersion = 10.0.40219.1
Project("{9A19103F-16F7-4668-BE54-9A1E7A4F7556}") = "Native-schoolvoetbal-c3", "Native-schoolvoetbal-c3.csproj", "{6EC6313E-4276-4D56-8547-9B3C58B4935D}"
EndProject
Project("{2150E333-8FDC-42A3-9474-1A3956D46DE8}") = "Solution Items", "Solution Items", "{A0A56DFF-62BB-45AD-A679-D3B4F669E26F}"
	ProjectSection(SolutionItems) = preProject
		file.cs = file.cs
	EndProjectSection
EndProject
Global
	GlobalSection(SolutionConfigurationPlatforms) = preSolution
		Debug|Any CPU = Debug|Any CPU
		Release|Any CPU = Release|Any CPU
	EndGlobalSection
	GlobalSection(ProjectConfigurationPlatforms) = postSolution
		{6EC6313E-4276-4D56-8547-9B3C58B4935D}.Debug|Any CPU.ActiveCfg = Debug|Any CPU
		{6EC6313E-4276-4D56-8547-9B3C58B4935D}.Debug|Any CPU.Build.0 = Debug|Any CPU
		{6EC6313E-4276-4D56-8547-9B3C58B4935D}.Release|Any CPU.ActiveCfg = Release|Any CPU
		{6EC6313E-4276-4D56-8547-9B3C58B4935D}.Release|Any CPU.Build.0 = Release|Any CPU
	EndGlobalSection
	GlobalSection(SolutionProperties) = preSolution
		HideSolutionNode = FALSE
	EndGlobalSection
	GlobalSection(ExtensibilityGlobals) = postSolution
		SolutionGuid = {07AC8E8C-702D-4550-A20C-AA214966EAA9}
	EndGlobalSection
EndGlobal
